// !$*UTF8*$!
{
	archiveVersion = 1;
	classes = {
	};
	objectVersion = 46;
	objects = {

/* Begin PBXBuildFile section */
		21BDA2541BEC554000AAEA6E /* AppDelegate.swift in Sources */ = {isa = PBXBuildFile; fileRef = 21BDA2531BEC554000AAEA6E /* AppDelegate.swift */; };
		21BDA2561BEC554000AAEA6E /* ViewController.swift in Sources */ = {isa = PBXBuildFile; fileRef = 21BDA2551BEC554000AAEA6E /* ViewController.swift */; };
		21BDA2591BEC554000AAEA6E /* Main.storyboard in Resources */ = {isa = PBXBuildFile; fileRef = 21BDA2571BEC554000AAEA6E /* Main.storyboard */; };
		21BDA25B1BEC554000AAEA6E /* Assets.xcassets in Resources */ = {isa = PBXBuildFile; fileRef = 21BDA25A1BEC554000AAEA6E /* Assets.xcassets */; };
		21BDA25E1BEC554000AAEA6E /* LaunchScreen.storyboard in Resources */ = {isa = PBXBuildFile; fileRef = 21BDA25C1BEC554000AAEA6E /* LaunchScreen.storyboard */; };
		21BDA2691BEC554100AAEA6E /* ZugataAvatarTests.swift in Sources */ = {isa = PBXBuildFile; fileRef = 21BDA2681BEC554100AAEA6E /* ZugataAvatarTests.swift */; };
		21BDA2741BEC554100AAEA6E /* ZugataAvatarUITests.swift in Sources */ = {isa = PBXBuildFile; fileRef = 21BDA2731BEC554100AAEA6E /* ZugataAvatarUITests.swift */; };
		806A1ABA6BBA2AD3A31DDC50 /* Pods.framework in Frameworks */ = {isa = PBXBuildFile; fileRef = 882FF7BAF00930DC8D77D73F /* Pods.framework */; };
		905B38ABD0AD21BD0BA0B1E4 /* Pods.framework in Frameworks */ = {isa = PBXBuildFile; fileRef = 882FF7BAF00930DC8D77D73F /* Pods.framework */; };
		CA3B82FBE91D0D5A539C3002 /* Pods.framework in Frameworks */ = {isa = PBXBuildFile; fileRef = 882FF7BAF00930DC8D77D73F /* Pods.framework */; };
/* End PBXBuildFile section */

/* Begin PBXContainerItemProxy section */
		21BDA2651BEC554100AAEA6E /* PBXContainerItemProxy */ = {
			isa = PBXContainerItemProxy;
			containerPortal = 21BDA2481BEC554000AAEA6E /* Project object */;
			proxyType = 1;
			remoteGlobalIDString = 21BDA24F1BEC554000AAEA6E;
			remoteInfo = ZugataAvatar;
		};
		21BDA2701BEC554100AAEA6E /* PBXContainerItemProxy */ = {
			isa = PBXContainerItemProxy;
			containerPortal = 21BDA2481BEC554000AAEA6E /* Project object */;
			proxyType = 1;
			remoteGlobalIDString = 21BDA24F1BEC554000AAEA6E;
			remoteInfo = ZugataAvatar;
		};
/* End PBXContainerItemProxy section */

/* Begin PBXFileReference section */
		21BDA2501BEC554000AAEA6E /* ZugataAvatar.app */ = {isa = PBXFileReference; explicitFileType = wrapper.application; includeInIndex = 0; path = ZugataAvatar.app; sourceTree = BUILT_PRODUCTS_DIR; };
		21BDA2531BEC554000AAEA6E /* AppDelegate.swift */ = {isa = PBXFileReference; lastKnownFileType = sourcecode.swift; path = AppDelegate.swift; sourceTree = "<group>"; };
		21BDA2551BEC554000AAEA6E /* ViewController.swift */ = {isa = PBXFileReference; lastKnownFileType = sourcecode.swift; path = ViewController.swift; sourceTree = "<group>"; };
		21BDA2581BEC554000AAEA6E /* Base */ = {isa = PBXFileReference; lastKnownFileType = file.storyboard; name = Base; path = Base.lproj/Main.storyboard; sourceTree = "<group>"; };
		21BDA25A1BEC554000AAEA6E /* Assets.xcassets */ = {isa = PBXFileReference; lastKnownFileType = folder.assetcatalog; path = Assets.xcassets; sourceTree = "<group>"; };
		21BDA25D1BEC554000AAEA6E /* Base */ = {isa = PBXFileReference; lastKnownFileType = file.storyboard; name = Base; path = Base.lproj/LaunchScreen.storyboard; sourceTree = "<group>"; };
		21BDA25F1BEC554000AAEA6E /* Info.plist */ = {isa = PBXFileReference; lastKnownFileType = text.plist.xml; path = Info.plist; sourceTree = "<group>"; };
		21BDA2641BEC554100AAEA6E /* ZugataAvatarTests.xctest */ = {isa = PBXFileReference; explicitFileType = wrapper.cfbundle; includeInIndex = 0; path = ZugataAvatarTests.xctest; sourceTree = BUILT_PRODUCTS_DIR; };
		21BDA2681BEC554100AAEA6E /* ZugataAvatarTests.swift */ = {isa = PBXFileReference; lastKnownFileType = sourcecode.swift; path = ZugataAvatarTests.swift; sourceTree = "<group>"; };
		21BDA26A1BEC554100AAEA6E /* Info.plist */ = {isa = PBXFileReference; lastKnownFileType = text.plist.xml; path = Info.plist; sourceTree = "<group>"; };
		21BDA26F1BEC554100AAEA6E /* ZugataAvatarUITests.xctest */ = {isa = PBXFileReference; explicitFileType = wrapper.cfbundle; includeInIndex = 0; path = ZugataAvatarUITests.xctest; sourceTree = BUILT_PRODUCTS_DIR; };
		21BDA2731BEC554100AAEA6E /* ZugataAvatarUITests.swift */ = {isa = PBXFileReference; lastKnownFileType = sourcecode.swift; path = ZugataAvatarUITests.swift; sourceTree = "<group>"; };
		21BDA2751BEC554100AAEA6E /* Info.plist */ = {isa = PBXFileReference; lastKnownFileType = text.plist.xml; path = Info.plist; sourceTree = "<group>"; };
		21BDA2821BEC574F00AAEA6E /* README.md */ = {isa = PBXFileReference; fileEncoding = 4; lastKnownFileType = net.daringfireball.markdown; path = README.md; sourceTree = "<group>"; };
		6209F2A62FC5C922872FFCF3 /* Pods.release.xcconfig */ = {isa = PBXFileReference; includeInIndex = 1; lastKnownFileType = text.xcconfig; name = Pods.release.xcconfig; path = "Pods/Target Support Files/Pods/Pods.release.xcconfig"; sourceTree = "<group>"; };
		882FF7BAF00930DC8D77D73F /* Pods.framework */ = {isa = PBXFileReference; explicitFileType = wrapper.framework; includeInIndex = 0; path = Pods.framework; sourceTree = BUILT_PRODUCTS_DIR; };
		EA0E451E54371A37432DF290 /* Pods.debug.xcconfig */ = {isa = PBXFileReference; includeInIndex = 1; lastKnownFileType = text.xcconfig; name = Pods.debug.xcconfig; path = "Pods/Target Support Files/Pods/Pods.debug.xcconfig"; sourceTree = "<group>"; };
/* End PBXFileReference section */

/* Begin PBXFrameworksBuildPhase section */
		21BDA24D1BEC554000AAEA6E /* Frameworks */ = {
			isa = PBXFrameworksBuildPhase;
			buildActionMask = 2147483647;
			files = (
				806A1ABA6BBA2AD3A31DDC50 /* Pods.framework in Frameworks */,
			);
			runOnlyForDeploymentPostprocessing = 0;
		};
		21BDA2611BEC554100AAEA6E /* Frameworks */ = {
			isa = PBXFrameworksBuildPhase;
			buildActionMask = 2147483647;
			files = (
				905B38ABD0AD21BD0BA0B1E4 /* Pods.framework in Frameworks */,
			);
			runOnlyForDeploymentPostprocessing = 0;
		};
		21BDA26C1BEC554100AAEA6E /* Frameworks */ = {
			isa = PBXFrameworksBuildPhase;
			buildActionMask = 2147483647;
			files = (
				CA3B82FBE91D0D5A539C3002 /* Pods.framework in Frameworks */,
			);
			runOnlyForDeploymentPostprocessing = 0;
		};
/* End PBXFrameworksBuildPhase section */

/* Begin PBXGroup section */
		203AC558ACEA434E827E379F /* Frameworks */ = {
			isa = PBXGroup;
			children = (
				882FF7BAF00930DC8D77D73F /* Pods.framework */,
			);
			name = Frameworks;
			sourceTree = "<group>";
		};
		21BDA2471BEC554000AAEA6E = {
			isa = PBXGroup;
			children = (
				21BDA2821BEC574F00AAEA6E /* README.md */,
				21BDA2521BEC554000AAEA6E /* ZugataAvatar */,
				21BDA2671BEC554100AAEA6E /* ZugataAvatarTests */,
				21BDA2721BEC554100AAEA6E /* ZugataAvatarUITests */,
				21BDA2511BEC554000AAEA6E /* Products */,
				C79A5F286E15832D01AFD7AB /* Pods */,
				203AC558ACEA434E827E379F /* Frameworks */,
			);
			sourceTree = "<group>";
		};
		21BDA2511BEC554000AAEA6E /* Products */ = {
			isa = PBXGroup;
			children = (
				21BDA2501BEC554000AAEA6E /* ZugataAvatar.app */,
				21BDA2641BEC554100AAEA6E /* ZugataAvatarTests.xctest */,
				21BDA26F1BEC554100AAEA6E /* ZugataAvatarUITests.xctest */,
			);
			name = Products;
			sourceTree = "<group>";
		};
		21BDA2521BEC554000AAEA6E /* ZugataAvatar */ = {
			isa = PBXGroup;
			children = (
				21BDA2531BEC554000AAEA6E /* AppDelegate.swift */,
				21BDA2551BEC554000AAEA6E /* ViewController.swift */,
				21BDA2571BEC554000AAEA6E /* Main.storyboard */,
				21BDA25A1BEC554000AAEA6E /* Assets.xcassets */,
				21BDA25C1BEC554000AAEA6E /* LaunchScreen.storyboard */,
				21BDA25F1BEC554000AAEA6E /* Info.plist */,
			);
			path = ZugataAvatar;
			sourceTree = "<group>";
		};
		21BDA2671BEC554100AAEA6E /* ZugataAvatarTests */ = {
			isa = PBXGroup;
			children = (
				21BDA2681BEC554100AAEA6E /* ZugataAvatarTests.swift */,
				21BDA26A1BEC554100AAEA6E /* Info.plist */,
			);
			path = ZugataAvatarTests;
			sourceTree = "<group>";
		};
		21BDA2721BEC554100AAEA6E /* ZugataAvatarUITests */ = {
			isa = PBXGroup;
			children = (
				21BDA2731BEC554100AAEA6E /* ZugataAvatarUITests.swift */,
				21BDA2751BEC554100AAEA6E /* Info.plist */,
			);
			path = ZugataAvatarUITests;
			sourceTree = "<group>";
		};
		C79A5F286E15832D01AFD7AB /* Pods */ = {
			isa = PBXGroup;
			children = (
				EA0E451E54371A37432DF290 /* Pods.debug.xcconfig */,
				6209F2A62FC5C922872FFCF3 /* Pods.release.xcconfig */,
			);
			name = Pods;
			sourceTree = "<group>";
		};
/* End PBXGroup section */

/* Begin PBXNativeTarget section */
		21BDA24F1BEC554000AAEA6E /* ZugataAvatar */ = {
			isa = PBXNativeTarget;
			buildConfigurationList = 21BDA2781BEC554100AAEA6E /* Build configuration list for PBXNativeTarget "ZugataAvatar" */;
			buildPhases = (
				6D00B68CEA14760D32A9386C /* Check Pods Manifest.lock */,
				21BDA24C1BEC554000AAEA6E /* Sources */,
				21BDA24D1BEC554000AAEA6E /* Frameworks */,
				21BDA24E1BEC554000AAEA6E /* Resources */,
				8FD2CB80B91108E6925DD4D0 /* Embed Pods Frameworks */,
				E3D7F61E61B8FC4FDF3C38DC /* Copy Pods Resources */,
				21BDA2811BEC573800AAEA6E /* Increment Build Number */,
			);
			buildRules = (
			);
			dependencies = (
			);
			name = ZugataAvatar;
			productName = ZugataAvatar;
			productReference = 21BDA2501BEC554000AAEA6E /* ZugataAvatar.app */;
			productType = "com.apple.product-type.application";
		};
		21BDA2631BEC554100AAEA6E /* ZugataAvatarTests */ = {
			isa = PBXNativeTarget;
			buildConfigurationList = 21BDA27B1BEC554100AAEA6E /* Build configuration list for PBXNativeTarget "ZugataAvatarTests" */;
			buildPhases = (
				5F804F89E613CDA8325E412F /* Check Pods Manifest.lock */,
				21BDA2601BEC554100AAEA6E /* Sources */,
				21BDA2611BEC554100AAEA6E /* Frameworks */,
				21BDA2621BEC554100AAEA6E /* Resources */,
				8DA325749FC3B3381E0A56D3 /* Embed Pods Frameworks */,
				1E36F40C0CC2BC7DA7ED6D12 /* Copy Pods Resources */,
			);
			buildRules = (
			);
			dependencies = (
				21BDA2661BEC554100AAEA6E /* PBXTargetDependency */,
			);
			name = ZugataAvatarTests;
			productName = ZugataAvatarTests;
			productReference = 21BDA2641BEC554100AAEA6E /* ZugataAvatarTests.xctest */;
			productType = "com.apple.product-type.bundle.unit-test";
		};
		21BDA26E1BEC554100AAEA6E /* ZugataAvatarUITests */ = {
			isa = PBXNativeTarget;
			buildConfigurationList = 21BDA27E1BEC554100AAEA6E /* Build configuration list for PBXNativeTarget "ZugataAvatarUITests" */;
			buildPhases = (
				732A5E85B1DE6AA76325DB4F /* Check Pods Manifest.lock */,
				21BDA26B1BEC554100AAEA6E /* Sources */,
				21BDA26C1BEC554100AAEA6E /* Frameworks */,
				21BDA26D1BEC554100AAEA6E /* Resources */,
				2B94BBD33AAD4BE2640CA1DD /* Copy Pods Resources */,
			);
			buildRules = (
			);
			dependencies = (
				21BDA2711BEC554100AAEA6E /* PBXTargetDependency */,
			);
			name = ZugataAvatarUITests;
			productName = ZugataAvatarUITests;
			productReference = 21BDA26F1BEC554100AAEA6E /* ZugataAvatarUITests.xctest */;
			productType = "com.apple.product-type.bundle.ui-testing";
		};
/* End PBXNativeTarget section */

/* Begin PBXProject section */
		21BDA2481BEC554000AAEA6E /* Project object */ = {
			isa = PBXProject;
			attributes = {
				LastSwiftUpdateCheck = 0710;
				LastUpgradeCheck = 0710;
				ORGANIZATIONNAME = "Kevin Xu";
				TargetAttributes = {
					21BDA24F1BEC554000AAEA6E = {
						CreatedOnToolsVersion = 7.1;
						DevelopmentTeam = ND6T35QN73;
					};
					21BDA2631BEC554100AAEA6E = {
						CreatedOnToolsVersion = 7.1;
						TestTargetID = 21BDA24F1BEC554000AAEA6E;
					};
					21BDA26E1BEC554100AAEA6E = {
						CreatedOnToolsVersion = 7.1;
						TestTargetID = 21BDA24F1BEC554000AAEA6E;
					};
				};
			};
			buildConfigurationList = 21BDA24B1BEC554000AAEA6E /* Build configuration list for PBXProject "ZugataAvatar" */;
			compatibilityVersion = "Xcode 3.2";
			developmentRegion = English;
			hasScannedForEncodings = 0;
			knownRegions = (
				en,
				Base,
			);
			mainGroup = 21BDA2471BEC554000AAEA6E;
			productRefGroup = 21BDA2511BEC554000AAEA6E /* Products */;
			projectDirPath = "";
			projectRoot = "";
			targets = (
				21BDA24F1BEC554000AAEA6E /* ZugataAvatar */,
				21BDA2631BEC554100AAEA6E /* ZugataAvatarTests */,
				21BDA26E1BEC554100AAEA6E /* ZugataAvatarUITests */,
			);
		};
/* End PBXProject section */

/* Begin PBXResourcesBuildPhase section */
		21BDA24E1BEC554000AAEA6E /* Resources */ = {
			isa = PBXResourcesBuildPhase;
			buildActionMask = 2147483647;
			files = (
				21BDA25E1BEC554000AAEA6E /* LaunchScreen.storyboard in Resources */,
				21BDA25B1BEC554000AAEA6E /* Assets.xcassets in Resources */,
				21BDA2591BEC554000AAEA6E /* Main.storyboard in Resources */,
			);
			runOnlyForDeploymentPostprocessing = 0;
		};
		21BDA2621BEC554100AAEA6E /* Resources */ = {
			isa = PBXResourcesBuildPhase;
			buildActionMask = 2147483647;
			files = (
			);
			runOnlyForDeploymentPostprocessing = 0;
		};
		21BDA26D1BEC554100AAEA6E /* Resources */ = {
			isa = PBXResourcesBuildPhase;
			buildActionMask = 2147483647;
			files = (
			);
			runOnlyForDeploymentPostprocessing = 0;
		};
/* End PBXResourcesBuildPhase section */

/* Begin PBXShellScriptBuildPhase section */
		1E36F40C0CC2BC7DA7ED6D12 /* Copy Pods Resources */ = {
			isa = PBXShellScriptBuildPhase;
			buildActionMask = 2147483647;
			files = (
			);
			inputPaths = (
			);
			name = "Copy Pods Resources";
			outputPaths = (
			);
			runOnlyForDeploymentPostprocessing = 0;
			shellPath = /bin/sh;
			shellScript = "\"${SRCROOT}/Pods/Target Support Files/Pods/Pods-resources.sh\"\n";
			showEnvVarsInLog = 0;
		};
		21BDA2811BEC573800AAEA6E /* Increment Build Number */ = {
			isa = PBXShellScriptBuildPhase;
			buildActionMask = 2147483647;
			files = (
			);
			inputPaths = (
			);
			name = "Increment Build Number";
			outputPaths = (
			);
			runOnlyForDeploymentPostprocessing = 0;
			shellPath = /bin/sh;
			shellScript = "if [ -z \"${PROJECT_DIR}\" ]; then\nPROJECT_DIR=`pwd`\nfi\n\nif [ -z \"${PREFIX}\" ]; then\nPREFIX=\"\"\nfi\n\nSVN_DIR=\"${PROJECT_DIR}/.svn\"\nGIT_DIR=\"${PROJECT_DIR}/.git\"\n\nif [ -d \"${GIT_DIR}\" ]; then\nif [ -z \"${GIT_BRANCH}\" ]; then\nGIT_BRANCH=`git rev-parse --abbrev-ref HEAD`\nfi\n\nBUILD_NUMBER=`xcrun git rev-list ${GIT_BRANCH} | wc -l | tr -d ' '`\nBUILD_HASH=`xcrun git rev-parse --short --verify ${GIT_BRANCH} | tr -d ' '`\nelif [ -d \"${SVN_DIR}\" ]; then\nBUILD_NUMBER=`xcrun svnversion -nc \"${PROJECT_DIR}\" | sed -e 's/^[^:]*://;s/[A-Za-z]//' | tr -d ' '`\nBUILD_HASH=\"${BUILD_NUMBER}\"\nelse\nBUILD_NUMBER=\"1\"\nBUILD_HASH=\"1\"\nfi\n\nOLD_BUILD_NUMBER=$(/usr/libexec/PlistBuddy -c \"Print CFBundleVersion\" \"${PROJECT_DIR}/${INFOPLIST_FILE}\")\n\nif [ \"${BUILD_NUMBER}\" != \"${OLD_BUILD_NUMBER}\" ]; then\n/usr/libexec/PlistBuddy -c \"Set :CFBundleVersion $BUILD_NUMBER\" \"${PROJECT_DIR}/${INFOPLIST_FILE}\"\nfi";
		};
		2B94BBD33AAD4BE2640CA1DD /* Copy Pods Resources */ = {
			isa = PBXShellScriptBuildPhase;
			buildActionMask = 2147483647;
			files = (
			);
			inputPaths = (
			);
			name = "Copy Pods Resources";
			outputPaths = (
			);
			runOnlyForDeploymentPostprocessing = 0;
			shellPath = /bin/sh;
			shellScript = "\"${SRCROOT}/Pods/Target Support Files/Pods/Pods-resources.sh\"\n";
			showEnvVarsInLog = 0;
		};
		5F804F89E613CDA8325E412F /* Check Pods Manifest.lock */ = {
			isa = PBXShellScriptBuildPhase;
			buildActionMask = 2147483647;
			files = (
			);
			inputPaths = (
			);
			name = "Check Pods Manifest.lock";
			outputPaths = (
			);
			runOnlyForDeploymentPostprocessing = 0;
			shellPath = /bin/sh;
			shellScript = "diff \"${PODS_ROOT}/../Podfile.lock\" \"${PODS_ROOT}/Manifest.lock\" > /dev/null\nif [[ $? != 0 ]] ; then\n    cat << EOM\nerror: The sandbox is not in sync with the Podfile.lock. Run 'pod install' or update your CocoaPods installation.\nEOM\n    exit 1\nfi\n";
			showEnvVarsInLog = 0;
		};
		6D00B68CEA14760D32A9386C /* Check Pods Manifest.lock */ = {
			isa = PBXShellScriptBuildPhase;
			buildActionMask = 2147483647;
			files = (
			);
			inputPaths = (
			);
			name = "Check Pods Manifest.lock";
			outputPaths = (
			);
			runOnlyForDeploymentPostprocessing = 0;
			shellPath = /bin/sh;
			shellScript = "diff \"${PODS_ROOT}/../Podfile.lock\" \"${PODS_ROOT}/Manifest.lock\" > /dev/null\nif [[ $? != 0 ]] ; then\n    cat << EOM\nerror: The sandbox is not in sync with the Podfile.lock. Run 'pod install' or update your CocoaPods installation.\nEOM\n    exit 1\nfi\n";
			showEnvVarsInLog = 0;
		};
		732A5E85B1DE6AA76325DB4F /* Check Pods Manifest.lock */ = {
			isa = PBXShellScriptBuildPhase;
			buildActionMask = 2147483647;
			files = (
			);
			inputPaths = (
			);
			name = "Check Pods Manifest.lock";
			outputPaths = (
			);
			runOnlyForDeploymentPostprocessing = 0;
			shellPath = /bin/sh;
			shellScript = "diff \"${PODS_ROOT}/../Podfile.lock\" \"${PODS_ROOT}/Manifest.lock\" > /dev/null\nif [[ $? != 0 ]] ; then\n    cat << EOM\nerror: The sandbox is not in sync with the Podfile.lock. Run 'pod install' or update your CocoaPods installation.\nEOM\n    exit 1\nfi\n";
			showEnvVarsInLog = 0;
		};
		8DA325749FC3B3381E0A56D3 /* Embed Pods Frameworks */ = {
			isa = PBXShellScriptBuildPhase;
			buildActionMask = 2147483647;
			files = (
			);
			inputPaths = (
			);
			name = "Embed Pods Frameworks";
			outputPaths = (
			);
			runOnlyForDeploymentPostprocessing = 0;
			shellPath = /bin/sh;
			shellScript = "\"${SRCROOT}/Pods/Target Support Files/Pods/Pods-frameworks.sh\"\n";
			showEnvVarsInLog = 0;
		};
		8FD2CB80B91108E6925DD4D0 /* Embed Pods Frameworks */ = {
			isa = PBXShellScriptBuildPhase;
			buildActionMask = 2147483647;
			files = (
			);
			inputPaths = (
			);
			name = "Embed Pods Frameworks";
			outputPaths = (
			);
			runOnlyForDeploymentPostprocessing = 0;
			shellPath = /bin/sh;
			shellScript = "\"${SRCROOT}/Pods/Target Support Files/Pods/Pods-frameworks.sh\"\n";
			showEnvVarsInLog = 0;
		};
		E3D7F61E61B8FC4FDF3C38DC /* Copy Pods Resources */ = {
			isa = PBXShellScriptBuildPhase;
			buildActionMask = 2147483647;
			files = (
			);
			inputPaths = (
			);
			name = "Copy Pods Resources";
			outputPaths = (
			);
			runOnlyForDeploymentPostprocessing = 0;
			shellPath = /bin/sh;
			shellScript = "\"${SRCROOT}/Pods/Target Support Files/Pods/Pods-resources.sh\"\n";
			showEnvVarsInLog = 0;
		};
/* End PBXShellScriptBuildPhase section */

/* Begin PBXSourcesBuildPhase section */
		21BDA24C1BEC554000AAEA6E /* Sources */ = {
			isa = PBXSourcesBuildPhase;
			buildActionMask = 2147483647;
			files = (
				21BDA2561BEC554000AAEA6E /* ViewController.swift in Sources */,
				21BDA2541BEC554000AAEA6E /* AppDelegate.swift in Sources */,
			);
			runOnlyForDeploymentPostprocessing = 0;
		};
		21BDA2601BEC554100AAEA6E /* Sources */ = {
			isa = PBXSourcesBuildPhase;
			buildActionMask = 2147483647;
			files = (
				21BDA2691BEC554100AAEA6E /* ZugataAvatarTests.swift in Sources */,
			);
			runOnlyForDeploymentPostprocessing = 0;
		};
		21BDA26B1BEC554100AAEA6E /* Sources */ = {
			isa = PBXSourcesBuildPhase;
			buildActionMask = 2147483647;
			files = (
				21BDA2741BEC554100AAEA6E /* ZugataAvatarUITests.swift in Sources */,
			);
			runOnlyForDeploymentPostprocessing = 0;
		};
/* End PBXSourcesBuildPhase section */

/* Begin PBXTargetDependency section */
		21BDA2661BEC554100AAEA6E /* PBXTargetDependency */ = {
			isa = PBXTargetDependency;
			target = 21BDA24F1BEC554000AAEA6E /* ZugataAvatar */;
			targetProxy = 21BDA2651BEC554100AAEA6E /* PBXContainerItemProxy */;
		};
		21BDA2711BEC554100AAEA6E /* PBXTargetDependency */ = {
			isa = PBXTargetDependency;
			target = 21BDA24F1BEC554000AAEA6E /* ZugataAvatar */;
			targetProxy = 21BDA2701BEC554100AAEA6E /* PBXContainerItemProxy */;
		};
/* End PBXTargetDependency section */

/* Begin PBXVariantGroup section */
		21BDA2571BEC554000AAEA6E /* Main.storyboard */ = {
			isa = PBXVariantGroup;
			children = (
				21BDA2581BEC554000AAEA6E /* Base */,
			);
			name = Main.storyboard;
			sourceTree = "<group>";
		};
		21BDA25C1BEC554000AAEA6E /* LaunchScreen.storyboard */ = {
			isa = PBXVariantGroup;
			children = (
				21BDA25D1BEC554000AAEA6E /* Base */,
			);
			name = LaunchScreen.storyboard;
			sourceTree = "<group>";
		};
/* End PBXVariantGroup section */

/* Begin XCBuildConfiguration section */
		21BDA2761BEC554100AAEA6E /* Debug */ = {
			isa = XCBuildConfiguration;
			buildSettings = {
				ALWAYS_SEARCH_USER_PATHS = NO;
				CLANG_CXX_LANGUAGE_STANDARD = "gnu++0x";
				CLANG_CXX_LIBRARY = "libc++";
				CLANG_ENABLE_MODULES = YES;
				CLANG_ENABLE_OBJC_ARC = YES;
				CLANG_WARN_BOOL_CONVERSION = YES;
				CLANG_WARN_CONSTANT_CONVERSION = YES;
				CLANG_WARN_DIRECT_OBJC_ISA_USAGE = YES_ERROR;
				CLANG_WARN_EMPTY_BODY = YES;
				CLANG_WARN_ENUM_CONVERSION = YES;
				CLANG_WARN_INT_CONVERSION = YES;
				CLANG_WARN_OBJC_ROOT_CLASS = YES_ERROR;
				CLANG_WARN_UNREACHABLE_CODE = YES;
				CLANG_WARN__DUPLICATE_METHOD_MATCH = YES;
				"CODE_SIGN_IDENTITY[sdk=iphoneos*]" = "iPhone Developer";
				COPY_PHASE_STRIP = NO;
				DEBUG_INFORMATION_FORMAT = dwarf;
				ENABLE_STRICT_OBJC_MSGSEND = YES;
				ENABLE_TESTABILITY = YES;
				GCC_C_LANGUAGE_STANDARD = gnu99;
				GCC_DYNAMIC_NO_PIC = NO;
				GCC_NO_COMMON_BLOCKS = YES;
				GCC_OPTIMIZATION_LEVEL = 0;
				GCC_PREPROCESSOR_DEFINITIONS = (
					"DEBUG=1",
					"$(inherited)",
				);
				GCC_WARN_64_TO_32_BIT_CONVERSION = YES;
				GCC_WARN_ABOUT_RETURN_TYPE = YES_ERROR;
				GCC_WARN_UNDECLARED_SELECTOR = YES;
				GCC_WARN_UNINITIALIZED_AUTOS = YES_AGGRESSIVE;
				GCC_WARN_UNUSED_FUNCTION = YES;
				GCC_WARN_UNUSED_VARIABLE = YES;
				IPHONEOS_DEPLOYMENT_TARGET = 9.1;
				MTL_ENABLE_DEBUG_INFO = YES;
				ONLY_ACTIVE_ARCH = YES;
				SDKROOT = iphoneos;
				SWIFT_OPTIMIZATION_LEVEL = "-Onone";
				TARGETED_DEVICE_FAMILY = "1,2";
			};
			name = Debug;
		};
		21BDA2771BEC554100AAEA6E /* Release */ = {
			isa = XCBuildConfiguration;
			buildSettings = {
				ALWAYS_SEARCH_USER_PATHS = NO;
				CLANG_CXX_LANGUAGE_STANDARD = "gnu++0x";
				CLANG_CXX_LIBRARY = "libc++";
				CLANG_ENABLE_MODULES = YES;
				CLANG_ENABLE_OBJC_ARC = YES;
				CLANG_WARN_BOOL_CONVERSION = YES;
				CLANG_WARN_CONSTANT_CONVERSION = YES;
				CLANG_WARN_DIRECT_OBJC_ISA_USAGE = YES_ERROR;
				CLANG_WARN_EMPTY_BODY = YES;
				CLANG_WARN_ENUM_CONVERSION = YES;
				CLANG_WARN_INT_CONVERSION = YES;
				CLANG_WARN_OBJC_ROOT_CLASS = YES_ERROR;
				CLANG_WARN_UNREACHABLE_CODE = YES;
				CLANG_WARN__DUPLICATE_METHOD_MATCH = YES;
				"CODE_SIGN_IDENTITY[sdk=iphoneos*]" = "iPhone Developer";
				COPY_PHASE_STRIP = NO;
				DEBUG_INFORMATION_FORMAT = "dwarf-with-dsym";
				ENABLE_NS_ASSERTIONS = NO;
				ENABLE_STRICT_OBJC_MSGSEND = YES;
				GCC_C_LANGUAGE_STANDARD = gnu99;
				GCC_NO_COMMON_BLOCKS = YES;
				GCC_WARN_64_TO_32_BIT_CONVERSION = YES;
				GCC_WARN_ABOUT_RETURN_TYPE = YES_ERROR;
				GCC_WARN_UNDECLARED_SELECTOR = YES;
				GCC_WARN_UNINITIALIZED_AUTOS = YES_AGGRESSIVE;
				GCC_WARN_UNUSED_FUNCTION = YES;
				GCC_WARN_UNUSED_VARIABLE = YES;
				IPHONEOS_DEPLOYMENT_TARGET = 9.1;
				MTL_ENABLE_DEBUG_INFO = NO;
				SDKROOT = iphoneos;
				TARGETED_DEVICE_FAMILY = "1,2";
				VALIDATE_PRODUCT = YES;
			};
			name = Release;
		};
		21BDA2791BEC554100AAEA6E /* Debug */ = {
			isa = XCBuildConfiguration;
			baseConfigurationReference = EA0E451E54371A37432DF290 /* Pods.debug.xcconfig */;
			buildSettings = {
				ASSETCATALOG_COMPILER_APPICON_NAME = AppIcon;
				CODE_SIGN_IDENTITY = "iPhone Developer";
				INFOPLIST_FILE = ZugataAvatar/Info.plist;
				LD_RUNPATH_SEARCH_PATHS = "$(inherited) @executable_path/Frameworks";
				PRODUCT_BUNDLE_IDENTIFIER = com.imkevinxu.ZugataAvatar;
				PRODUCT_NAME = "$(TARGET_NAME)";
			};
			name = Debug;
		};
		21BDA27A1BEC554100AAEA6E /* Release */ = {
			isa = XCBuildConfiguration;
			baseConfigurationReference = 6209F2A62FC5C922872FFCF3 /* Pods.release.xcconfig */;
			buildSettings = {
				ASSETCATALOG_COMPILER_APPICON_NAME = AppIcon;
				CODE_SIGN_IDENTITY = "iPhone Developer";
				INFOPLIST_FILE = ZugataAvatar/Info.plist;
				LD_RUNPATH_SEARCH_PATHS = "$(inherited) @executable_path/Frameworks";
				PRODUCT_BUNDLE_IDENTIFIER = com.imkevinxu.ZugataAvatar;
				PRODUCT_NAME = "$(TARGET_NAME)";
			};
			name = Release;
		};
		21BDA27C1BEC554100AAEA6E /* Debug */ = {
			isa = XCBuildConfiguration;
			baseConfigurationReference = EA0E451E54371A37432DF290 /* Pods.debug.xcconfig */;
			buildSettings = {
				BUNDLE_LOADER = "$(TEST_HOST)";
				INFOPLIST_FILE = ZugataAvatarTests/Info.plist;
				LD_RUNPATH_SEARCH_PATHS = "$(inherited) @executable_path/Frameworks @loader_path/Frameworks";
				PRODUCT_BUNDLE_IDENTIFIER = com.imkevinxu.ZugataAvatarTests;
				PRODUCT_NAME = "$(TARGET_NAME)";
				TEST_HOST = "$(BUILT_PRODUCTS_DIR)/ZugataAvatar.app/ZugataAvatar";
			};
			name = Debug;
		};
		21BDA27D1BEC554100AAEA6E /* Release */ = {
			isa = XCBuildConfiguration;
			baseConfigurationReference = 6209F2A62FC5C922872FFCF3 /* Pods.release.xcconfig */;
			buildSettings = {
				BUNDLE_LOADER = "$(TEST_HOST)";
				INFOPLIST_FILE = ZugataAvatarTests/Info.plist;
				LD_RUNPATH_SEARCH_PATHS = "$(inherited) @executable_path/Frameworks @loader_path/Frameworks";
				PRODUCT_BUNDLE_IDENTIFIER = com.imkevinxu.ZugataAvatarTests;
				PRODUCT_NAME = "$(TARGET_NAME)";
				TEST_HOST = "$(BUILT_PRODUCTS_DIR)/ZugataAvatar.app/ZugataAvatar";
			};
			name = Release;
		};
		21BDA27F1BEC554100AAEA6E /* Debug */ = {
			isa = XCBuildConfiguration;
			baseConfigurationReference = EA0E451E54371A37432DF290 /* Pods.debug.xcconfig */;
			buildSettings = {
				INFOPLIST_FILE = ZugataAvatarUITests/Info.plist;
				LD_RUNPATH_SEARCH_PATHS = "$(inherited) @executable_path/Frameworks @loader_path/Frameworks";
				PRODUCT_BUNDLE_IDENTIFIER = com.imkevinxu.ZugataAvatarUITests;
				PRODUCT_NAME = "$(TARGET_NAME)";
				TEST_TARGET_NAME = ZugataAvatar;
				USES_XCTRUNNER = YES;
			};
			name = Debug;
		};
		21BDA2801BEC554100AAEA6E /* Release */ = {
			isa = XCBuildConfiguration;
			baseConfigurationReference = 6209F2A62FC5C922872FFCF3 /* Pods.release.xcconfig */;
			buildSettings = {
				INFOPLIST_FILE = ZugataAvatarUITests/Info.plist;
				LD_RUNPATH_SEARCH_PATHS = "$(inherited) @executable_path/Frameworks @loader_path/Frameworks";
				PRODUCT_BUNDLE_IDENTIFIER = com.imkevinxu.ZugataAvatarUITests;
				PRODUCT_NAME = "$(TARGET_NAME)";
				TEST_TARGET_NAME = ZugataAvatar;
				USES_XCTRUNNER = YES;
			};
			name = Release;
		};
/* End XCBuildConfiguration section */

/* Begin XCConfigurationList section */
		21BDA24B1BEC554000AAEA6E /* Build configuration list for PBXProject "ZugataAvatar" */ = {
			isa = XCConfigurationList;
			buildConfigurations = (
				21BDA2761BEC554100AAEA6E /* Debug */,
				21BDA2771BEC554100AAEA6E /* Release */,
			);
			defaultConfigurationIsVisible = 0;
			defaultConfigurationName = Release;
		};
		21BDA2781BEC554100AAEA6E /* Build configuration list for PBXNativeTarget "ZugataAvatar" */ = {
			isa = XCConfigurationList;
			buildConfigurations = (
				21BDA2791BEC554100AAEA6E /* Debug */,
				21BDA27A1BEC554100AAEA6E /* Release */,
			);
			defaultConfigurationIsVisible = 0;
			defaultConfigurationName = Release;
		};
		21BDA27B1BEC554100AAEA6E /* Build configuration list for PBXNativeTarget "ZugataAvatarTests" */ = {
			isa = XCConfigurationList;
			buildConfigurations = (
				21BDA27C1BEC554100AAEA6E /* Debug */,
				21BDA27D1BEC554100AAEA6E /* Release */,
			);
			defaultConfigurationIsVisible = 0;
			defaultConfigurationName = Release;
		};
		21BDA27E1BEC554100AAEA6E /* Build configuration list for PBXNativeTarget "ZugataAvatarUITests" */ = {
			isa = XCConfigurationList;
			buildConfigurations = (
				21BDA27F1BEC554100AAEA6E /* Debug */,
				21BDA2801BEC554100AAEA6E /* Release */,
			);
			defaultConfigurationIsVisible = 0;
			defaultConfigurationName = Release;
		};
/* End XCConfigurationList section */
	};
	rootObject = 21BDA2481BEC554000AAEA6E /* Project object */;
}
